
Microsoft Visual Studio Solution File, Format Version 12.00
# Visual Studio Version 17
VisualStudioVersion = 17.8.34330.188
MinimumVisualStudioVersion = 10.0.40219.1
Project("{FAE04EC0-301F-11D3-BF4B-00C04F79EFBC}") = "DAL", "DAL\DAL.csproj", "{6499298F-A98E-4647-8358-42A5569E0F82}"
EndProject
Project("{FAE04EC0-301F-11D3-BF4B-00C04F79EFBC}") = "BLL", "BLL\BLL.csproj", "{3E97200B-1D27-4740-9ED6-62C3D0B6FE76}"
EndProject
Project("{FAE04EC0-301F-11D3-BF4B-00C04F79EFBC}") = "PL", "PL\PL.csproj", "{6EB25093-FE02-423D-A8DB-616239430295}"
EndProject
Global
	GlobalSection(SolutionConfigurationPlatforms) = preSolution
		Debug|Any CPU = Debug|Any CPU
		Release|Any CPU = Release|Any CPU
	EndGlobalSection
	GlobalSection(ProjectConfigurationPlatforms) = postSolution
		{6499298F-A98E-4647-8358-42A5569E0F82}.Debug|Any CPU.ActiveCfg = Debug|Any CPU
		{6499298F-A98E-4647-8358-42A5569E0F82}.Debug|Any CPU.Build.0 = Debug|Any CPU
		{6499298F-A98E-4647-8358-42A5569E0F82}.Release|Any CPU.ActiveCfg = Release|Any CPU
		{6499298F-A98E-4647-8358-42A5569E0F82}.Release|Any CPU.Build.0 = Release|Any CPU
		{3E97200B-1D27-4740-9ED6-62C3D0B6FE76}.Debug|Any CPU.ActiveCfg = Debug|Any CPU
		{3E97200B-1D27-4740-9ED6-62C3D0B6FE76}.Debug|Any CPU.Build.0 = Debug|Any CPU
		{3E97200B-1D27-4740-9ED6-62C3D0B6FE76}.Release|Any CPU.ActiveCfg = Release|Any CPU
		{3E97200B-1D27-4740-9ED6-62C3D0B6FE76}.Release|Any CPU.Build.0 = Release|Any CPU
		{6EB25093-FE02-423D-A8DB-616239430295}.Debug|Any CPU.ActiveCfg = Debug|Any CPU
		{6EB25093-FE02-423D-A8DB-616239430295}.Debug|Any CPU.Build.0 = Debug|Any CPU
		{6EB25093-FE02-423D-A8DB-616239430295}.Release|Any CPU.ActiveCfg = Release|Any CPU
		{6EB25093-FE02-423D-A8DB-616239430295}.Release|Any CPU.Build.0 = Release|Any CPU
	EndGlobalSection
	GlobalSection(SolutionProperties) = preSolution
		HideSolutionNode = FALSE
	EndGlobalSection
	GlobalSection(ExtensibilityGlobals) = postSolution
		SolutionGuid = {E8B54727-1CBF-46F8-95DF-90E2FBF3823B}
	EndGlobalSection
EndGlobal
